
Microsoft Visual Studio Solution File, Format Version 12.00
# Visual Studio Version 17
VisualStudioVersion = 17.0.31903.59
MinimumVisualStudioVersion = 10.0.40219.1
Project("{FAE04EC0-301F-11D3-BF4B-00C04F79EFBC}") = "Text", "Text\Text.csproj", "{F54EF757-D599-4A72-BE6A-0622713D8E65}"
EndProject
Project("{FAE04EC0-301F-11D3-BF4B-00C04F79EFBC}") = "Text.Tests", "Text.Tests\Text.Tests.csproj", "{B7ACA57C-C69A-42FB-A046-20BE66348FE8}"
EndProject
Global
	GlobalSection(SolutionConfigurationPlatforms) = preSolution
		Debug|Any CPU = Debug|Any CPU
		Release|Any CPU = Release|Any CPU
	EndGlobalSection
	GlobalSection(SolutionProperties) = preSolution
		HideSolutionNode = FALSE
	EndGlobalSection
	GlobalSection(ProjectConfigurationPlatforms) = postSolution
		{F54EF757-D599-4A72-BE6A-0622713D8E65}.Debug|Any CPU.ActiveCfg = Debug|Any CPU
		{F54EF757-D599-4A72-BE6A-0622713D8E65}.Debug|Any CPU.Build.0 = Debug|Any CPU
		{F54EF757-D599-4A72-BE6A-0622713D8E65}.Release|Any CPU.ActiveCfg = Release|Any CPU
		{F54EF757-D599-4A72-BE6A-0622713D8E65}.Release|Any CPU.Build.0 = Release|Any CPU
		{B7ACA57C-C69A-42FB-A046-20BE66348FE8}.Debug|Any CPU.ActiveCfg = Debug|Any CPU
		{B7ACA57C-C69A-42FB-A046-20BE66348FE8}.Debug|Any CPU.Build.0 = Debug|Any CPU
		{B7ACA57C-C69A-42FB-A046-20BE66348FE8}.Release|Any CPU.ActiveCfg = Release|Any CPU
		{B7ACA57C-C69A-42FB-A046-20BE66348FE8}.Release|Any CPU.Build.0 = Release|Any CPU
	EndGlobalSection
EndGlobal
