
Microsoft Visual Studio Solution File, Format Version 12.00
# Visual Studio Version 17
VisualStudioVersion = 17.0.31903.59
MinimumVisualStudioVersion = 10.0.40219.1
Project("{FAE04EC0-301F-11D3-BF4B-00C04F79EFBC}") = "MyMath", "MyMath\MyMath.csproj", "{43D653CB-DAB2-4DAC-9840-9DBF8E59749C}"
EndProject
Project("{FAE04EC0-301F-11D3-BF4B-00C04F79EFBC}") = "MyMath.Tests", "MyMath.Tests\MyMath.Tests.csproj", "{2B800FFD-7060-4BF1-9ACE-8D99BDAF07B9}"
EndProject
Global
	GlobalSection(SolutionConfigurationPlatforms) = preSolution
		Debug|Any CPU = Debug|Any CPU
		Release|Any CPU = Release|Any CPU
	EndGlobalSection
	GlobalSection(SolutionProperties) = preSolution
		HideSolutionNode = FALSE
	EndGlobalSection
	GlobalSection(ProjectConfigurationPlatforms) = postSolution
		{43D653CB-DAB2-4DAC-9840-9DBF8E59749C}.Debug|Any CPU.ActiveCfg = Debug|Any CPU
		{43D653CB-DAB2-4DAC-9840-9DBF8E59749C}.Debug|Any CPU.Build.0 = Debug|Any CPU
		{43D653CB-DAB2-4DAC-9840-9DBF8E59749C}.Release|Any CPU.ActiveCfg = Release|Any CPU
		{43D653CB-DAB2-4DAC-9840-9DBF8E59749C}.Release|Any CPU.Build.0 = Release|Any CPU
		{2B800FFD-7060-4BF1-9ACE-8D99BDAF07B9}.Debug|Any CPU.ActiveCfg = Debug|Any CPU
		{2B800FFD-7060-4BF1-9ACE-8D99BDAF07B9}.Debug|Any CPU.Build.0 = Debug|Any CPU
		{2B800FFD-7060-4BF1-9ACE-8D99BDAF07B9}.Release|Any CPU.ActiveCfg = Release|Any CPU
		{2B800FFD-7060-4BF1-9ACE-8D99BDAF07B9}.Release|Any CPU.Build.0 = Release|Any CPU
	EndGlobalSection
EndGlobal
